// !$*UTF8*$!
{
	archiveVersion = 1;
	classes = {
	};
	objectVersion = 46;
	objects = {

/* Begin PBXBuildFile section */
		069B1AA81DA544D50062D035 /* RainDropViewController.swift in Sources */ = {isa = PBXBuildFile; fileRef = 069B1AA61DA544D40062D035 /* RainDropViewController.swift */; };
		069B1AA91DA544D50062D035 /* RainDropViewController.xib in Resources */ = {isa = PBXBuildFile; fileRef = 069B1AA71DA544D50062D035 /* RainDropViewController.xib */; };
		069B1AAB1DA5520A0062D035 /* GameViewController.swift in Sources */ = {isa = PBXBuildFile; fileRef = 069B1AAA1DA5520A0062D035 /* GameViewController.swift */; };
		28B3625AF0577CD058955606 /* RainDrop.swift in Sources */ = {isa = PBXBuildFile; fileRef = 28B36EC3C6C32BBEDA3B69BC /* RainDrop.swift */; };
		28B36C0E9B4DC8960D099406 /* SoundManager.swift in Sources */ = {isa = PBXBuildFile; fileRef = 28B36AA554749FC888742AD3 /* SoundManager.swift */; };
		28B36C18A794C18B666589BF /* AnswersManager.swift in Sources */ = {isa = PBXBuildFile; fileRef = 28B36E35A298620F73992607 /* AnswersManager.swift */; };
		6D011D2E1DDE33BB009BEF3B /* Sounds in Resources */ = {isa = PBXBuildFile; fileRef = 6D011D2D1DDE33BB009BEF3B /* Sounds */; };
		6D011D301DE30E40009BEF3B /* LocalScoresTableViewController.swift in Sources */ = {isa = PBXBuildFile; fileRef = 6D011D2F1DE30E40009BEF3B /* LocalScoresTableViewController.swift */; };
		6D011D321DE30F32009BEF3B /* ScoreCellTableViewCell.swift in Sources */ = {isa = PBXBuildFile; fileRef = 6D011D311DE30F32009BEF3B /* ScoreCellTableViewCell.swift */; };
		6D02C9C31DDCA29800AA5CB3 /* AnimationsManager.swift in Sources */ = {isa = PBXBuildFile; fileRef = 6D02C9C21DDCA29800AA5CB3 /* AnimationsManager.swift */; };
		6D09B8211DFF27F60050A15B /* Firebase in Resources */ = {isa = PBXBuildFile; fileRef = 6D09B8111DFF27F60050A15B /* Firebase */; };
		6D09B8221DFF27F60050A15B /* FirebaseAnalytics in Resources */ = {isa = PBXBuildFile; fileRef = 6D09B8121DFF27F60050A15B /* FirebaseAnalytics */; };
		6D09B8231DFF27F60050A15B /* FirebaseCore in Resources */ = {isa = PBXBuildFile; fileRef = 6D09B8131DFF27F60050A15B /* FirebaseCore */; };
		6D09B8241DFF27F60050A15B /* FirebaseDatabase in Resources */ = {isa = PBXBuildFile; fileRef = 6D09B8141DFF27F60050A15B /* FirebaseDatabase */; };
		6D09B8251DFF27F60050A15B /* FirebaseInstanceID in Resources */ = {isa = PBXBuildFile; fileRef = 6D09B8151DFF27F60050A15B /* FirebaseInstanceID */; };
		6D09B8261DFF27F60050A15B /* GoogleInterchangeUtilities in Resources */ = {isa = PBXBuildFile; fileRef = 6D09B8161DFF27F60050A15B /* GoogleInterchangeUtilities */; };
		6D09B8271DFF27F60050A15B /* GoogleSymbolUtilities in Resources */ = {isa = PBXBuildFile; fileRef = 6D09B8171DFF27F60050A15B /* GoogleSymbolUtilities */; };
		6D09B8281DFF27F60050A15B /* GoogleUtilities in Resources */ = {isa = PBXBuildFile; fileRef = 6D09B8181DFF27F60050A15B /* GoogleUtilities */; };
		6D09B8291DFF27F60050A15B /* Headers in Resources */ = {isa = PBXBuildFile; fileRef = 6D09B8191DFF27F60050A15B /* Headers */; };
		6D09B82A1DFF27F60050A15B /* Local Podspecs in Resources */ = {isa = PBXBuildFile; fileRef = 6D09B81A1DFF27F60050A15B /* Local Podspecs */; };
		6D09B82B1DFF27F60050A15B /* Manifest.lock in Resources */ = {isa = PBXBuildFile; fileRef = 6D09B81B1DFF27F60050A15B /* Manifest.lock */; };
		6D09B82C1DFF27F60050A15B /* SwiftEventBus in Resources */ = {isa = PBXBuildFile; fileRef = 6D09B81F1DFF27F60050A15B /* SwiftEventBus */; };
		6D09B82D1DFF27F60050A15B /* Target Support Files in Resources */ = {isa = PBXBuildFile; fileRef = 6D09B8201DFF27F60050A15B /* Target Support Files */; };
		6D2CC8AD1DEF131A00490649 /* WorldScoresViewController.swift in Sources */ = {isa = PBXBuildFile; fileRef = 6D2CC8AC1DEF131A00490649 /* WorldScoresViewController.swift */; };
		6D2CC8AF1DEF277600490649 /* Config.swift in Sources */ = {isa = PBXBuildFile; fileRef = 6D2CC8AE1DEF277600490649 /* Config.swift */; };
		6D5227C81DA6A19D008BA765 /* ScoresDBModel.xcdatamodeld in Sources */ = {isa = PBXBuildFile; fileRef = 6D5227C61DA6A19D008BA765 /* ScoresDBModel.xcdatamodeld */; };
		6D5227CA1DA6C7C6008BA765 /* GoogleService-Info.plist in Resources */ = {isa = PBXBuildFile; fileRef = 6D5227C91DA6C7C6008BA765 /* GoogleService-Info.plist */; };
		6D5227CC1DABD78C008BA765 /* ExerciseFactory.swift in Sources */ = {isa = PBXBuildFile; fileRef = 6D5227CB1DABD78C008BA765 /* ExerciseFactory.swift */; };
		6D6FC8361DD9D65100811E98 /* RainDropFactory.swift in Sources */ = {isa = PBXBuildFile; fileRef = 6D6FC8351DD9D65100811E98 /* RainDropFactory.swift */; };
		6D6FC8381DD9D6E600811E98 /* RainDropVCFactory.swift in Sources */ = {isa = PBXBuildFile; fileRef = 6D6FC8371DD9D6E600811E98 /* RainDropVCFactory.swift */; };
		6D6FC83A1DD9F56100811E98 /* RandomFactory.swift in Sources */ = {isa = PBXBuildFile; fileRef = 6D6FC8391DD9F56100811E98 /* RandomFactory.swift */; };
		6D7B56071DC25BDA00855ADF /* DivideFactory.swift in Sources */ = {isa = PBXBuildFile; fileRef = 6D7B56061DC25BDA00855ADF /* DivideFactory.swift */; };
		6D7B56091DC266D100855ADF /* ExercisesDataModel.swift in Sources */ = {isa = PBXBuildFile; fileRef = 6D7B56081DC266D100855ADF /* ExercisesDataModel.swift */; };
		6D7B560B1DCA3B2100855ADF /* ExerciseType.swift in Sources */ = {isa = PBXBuildFile; fileRef = 6D7B560A1DCA3B2100855ADF /* ExerciseType.swift */; };
		6D8F54B31DF861E700BFC8C0 /* Main.storyboard in Resources */ = {isa = PBXBuildFile; fileRef = 6D8F54B21DF861E700BFC8C0 /* Main.storyboard */; };
		6D8F54E81DFF033600BFC8C0 /* SingleGameData.swift in Sources */ = {isa = PBXBuildFile; fileRef = 6D8F54E71DFF033600BFC8C0 /* SingleGameData.swift */; };
		6DDCF50C1D9D6C0800DBAF71 /* AppDelegate.swift in Sources */ = {isa = PBXBuildFile; fileRef = 6DDCF50B1D9D6C0800DBAF71 /* AppDelegate.swift */; };
		6DDCF5131D9D6C0800DBAF71 /* Assets.xcassets in Resources */ = {isa = PBXBuildFile; fileRef = 6DDCF5121D9D6C0800DBAF71 /* Assets.xcassets */; };
		6DDCF5161D9D6C0800DBAF71 /* LaunchScreen.storyboard in Resources */ = {isa = PBXBuildFile; fileRef = 6DDCF5141D9D6C0800DBAF71 /* LaunchScreen.storyboard */; };
		6DE835031DABE81F0026D658 /* Scores.swift in Sources */ = {isa = PBXBuildFile; fileRef = 6DE835021DABE81F0026D658 /* Scores.swift */; };
		6DE835111DAC0CCD0026D658 /* FirebaseDBManager.swift in Sources */ = {isa = PBXBuildFile; fileRef = 6DE8350F1DAC0CCD0026D658 /* FirebaseDBManager.swift */; };
		6DE835161DAFE5FD0026D658 /* AppManager.swift in Sources */ = {isa = PBXBuildFile; fileRef = 6DE835151DAFE5FD0026D658 /* AppManager.swift */; };
		6DE835191DAFE8140026D658 /* LocalDBManager.swift in Sources */ = {isa = PBXBuildFile; fileRef = 6DE835181DAFE8140026D658 /* LocalDBManager.swift */; };
		6DE8CAD71DD38C2D0042DE8D /* TimersManager.swift in Sources */ = {isa = PBXBuildFile; fileRef = 6DE8CAD61DD38C2C0042DE8D /* TimersManager.swift */; };
		CE7AE7075BC337720C2FAB3D /* Pods_MannDrops.framework in Frameworks */ = {isa = PBXBuildFile; fileRef = 604BD9BB71838AC0E6EBD914 /* Pods_MannDrops.framework */; };
/* End PBXBuildFile section */

/* Begin PBXContainerItemProxy section */
		6D09B8301DFF27F60050A15B /* PBXContainerItemProxy */ = {
			isa = PBXContainerItemProxy;
			containerPortal = 6D09B81C1DFF27F60050A15B /* Pods.xcodeproj */;
			proxyType = 2;
			remoteGlobalIDString = ECA91FD589F635BCDE9179CBAF5432A2;
			remoteInfo = "Pods-MannDrops";
		};
		6D09B8321DFF27F60050A15B /* PBXContainerItemProxy */ = {
			isa = PBXContainerItemProxy;
			containerPortal = 6D09B81C1DFF27F60050A15B /* Pods.xcodeproj */;
			proxyType = 2;
			remoteGlobalIDString = 4F461AA2CB0A316D652AB9766F626155;
			remoteInfo = SwiftEventBus;
		};
/* End PBXContainerItemProxy section */

/* Begin PBXFileReference section */
		069B1AA61DA544D40062D035 /* RainDropViewController.swift */ = {isa = PBXFileReference; fileEncoding = 4; lastKnownFileType = sourcecode.swift; path = RainDropViewController.swift; sourceTree = "<group>"; };
		069B1AA71DA544D50062D035 /* RainDropViewController.xib */ = {isa = PBXFileReference; fileEncoding = 4; lastKnownFileType = file.xib; path = RainDropViewController.xib; sourceTree = "<group>"; };
		069B1AAA1DA5520A0062D035 /* GameViewController.swift */ = {isa = PBXFileReference; fileEncoding = 4; lastKnownFileType = sourcecode.swift; path = GameViewController.swift; sourceTree = "<group>"; };
		28B36AA554749FC888742AD3 /* SoundManager.swift */ = {isa = PBXFileReference; fileEncoding = 4; lastKnownFileType = sourcecode.swift; path = SoundManager.swift; sourceTree = "<group>"; };
		28B36E35A298620F73992607 /* AnswersManager.swift */ = {isa = PBXFileReference; fileEncoding = 4; lastKnownFileType = sourcecode.swift; path = AnswersManager.swift; sourceTree = "<group>"; };
		28B36EC3C6C32BBEDA3B69BC /* RainDrop.swift */ = {isa = PBXFileReference; fileEncoding = 4; lastKnownFileType = sourcecode.swift; path = RainDrop.swift; sourceTree = "<group>"; };
		604BD9BB71838AC0E6EBD914 /* Pods_MannDrops.framework */ = {isa = PBXFileReference; explicitFileType = wrapper.framework; includeInIndex = 0; path = Pods_MannDrops.framework; sourceTree = BUILT_PRODUCTS_DIR; };
		6D011D2D1DDE33BB009BEF3B /* Sounds */ = {isa = PBXFileReference; lastKnownFileType = folder; name = Sounds; path = MannDrops/Sounds; sourceTree = "<group>"; };
		6D011D2F1DE30E40009BEF3B /* LocalScoresTableViewController.swift */ = {isa = PBXFileReference; fileEncoding = 4; lastKnownFileType = sourcecode.swift; path = LocalScoresTableViewController.swift; sourceTree = "<group>"; };
		6D011D311DE30F32009BEF3B /* ScoreCellTableViewCell.swift */ = {isa = PBXFileReference; fileEncoding = 4; lastKnownFileType = sourcecode.swift; path = ScoreCellTableViewCell.swift; sourceTree = "<group>"; };
		6D02C9C21DDCA29800AA5CB3 /* AnimationsManager.swift */ = {isa = PBXFileReference; fileEncoding = 4; lastKnownFileType = sourcecode.swift; path = AnimationsManager.swift; sourceTree = "<group>"; };
		6D09B8111DFF27F60050A15B /* Firebase */ = {isa = PBXFileReference; lastKnownFileType = folder; name = Firebase; path = Pods/Firebase; sourceTree = "<group>"; };
		6D09B8121DFF27F60050A15B /* FirebaseAnalytics */ = {isa = PBXFileReference; lastKnownFileType = folder; name = FirebaseAnalytics; path = Pods/FirebaseAnalytics; sourceTree = "<group>"; };
		6D09B8131DFF27F60050A15B /* FirebaseCore */ = {isa = PBXFileReference; lastKnownFileType = folder; name = FirebaseCore; path = Pods/FirebaseCore; sourceTree = "<group>"; };
		6D09B8141DFF27F60050A15B /* FirebaseDatabase */ = {isa = PBXFileReference; lastKnownFileType = folder; name = FirebaseDatabase; path = Pods/FirebaseDatabase; sourceTree = "<group>"; };
		6D09B8151DFF27F60050A15B /* FirebaseInstanceID */ = {isa = PBXFileReference; lastKnownFileType = folder; name = FirebaseInstanceID; path = Pods/FirebaseInstanceID; sourceTree = "<group>"; };
		6D09B8161DFF27F60050A15B /* GoogleInterchangeUtilities */ = {isa = PBXFileReference; lastKnownFileType = folder; name = GoogleInterchangeUtilities; path = Pods/GoogleInterchangeUtilities; sourceTree = "<group>"; };
		6D09B8171DFF27F60050A15B /* GoogleSymbolUtilities */ = {isa = PBXFileReference; lastKnownFileType = folder; name = GoogleSymbolUtilities; path = Pods/GoogleSymbolUtilities; sourceTree = "<group>"; };
		6D09B8181DFF27F60050A15B /* GoogleUtilities */ = {isa = PBXFileReference; lastKnownFileType = folder; name = GoogleUtilities; path = Pods/GoogleUtilities; sourceTree = "<group>"; };
		6D09B8191DFF27F60050A15B /* Headers */ = {isa = PBXFileReference; lastKnownFileType = folder; name = Headers; path = Pods/Headers; sourceTree = "<group>"; };
		6D09B81A1DFF27F60050A15B /* Local Podspecs */ = {isa = PBXFileReference; lastKnownFileType = folder; name = "Local Podspecs"; path = "Pods/Local Podspecs"; sourceTree = "<group>"; };
		6D09B81B1DFF27F60050A15B /* Manifest.lock */ = {isa = PBXFileReference; fileEncoding = 4; lastKnownFileType = text; name = Manifest.lock; path = Pods/Manifest.lock; sourceTree = "<group>"; };
		6D09B81C1DFF27F60050A15B /* Pods.xcodeproj */ = {isa = PBXFileReference; lastKnownFileType = "wrapper.pb-project"; name = Pods.xcodeproj; path = Pods/Pods.xcodeproj; sourceTree = "<group>"; };
		6D09B81F1DFF27F60050A15B /* SwiftEventBus */ = {isa = PBXFileReference; lastKnownFileType = folder; name = SwiftEventBus; path = Pods/SwiftEventBus; sourceTree = "<group>"; };
		6D09B8201DFF27F60050A15B /* Target Support Files */ = {isa = PBXFileReference; lastKnownFileType = folder; name = "Target Support Files"; path = "Pods/Target Support Files"; sourceTree = "<group>"; };
		6D2CC8AC1DEF131A00490649 /* WorldScoresViewController.swift */ = {isa = PBXFileReference; fileEncoding = 4; lastKnownFileType = sourcecode.swift; path = WorldScoresViewController.swift; sourceTree = "<group>"; };
		6D2CC8AE1DEF277600490649 /* Config.swift */ = {isa = PBXFileReference; fileEncoding = 4; lastKnownFileType = sourcecode.swift; path = Config.swift; sourceTree = "<group>"; };
		6D5227C71DA6A19D008BA765 /* ScoresDBModel.xcdatamodel */ = {isa = PBXFileReference; lastKnownFileType = wrapper.xcdatamodel; path = ScoresDBModel.xcdatamodel; sourceTree = "<group>"; };
		6D5227C91DA6C7C6008BA765 /* GoogleService-Info.plist */ = {isa = PBXFileReference; fileEncoding = 4; lastKnownFileType = text.plist.xml; path = "GoogleService-Info.plist"; sourceTree = SOURCE_ROOT; };
		6D5227CB1DABD78C008BA765 /* ExerciseFactory.swift */ = {isa = PBXFileReference; fileEncoding = 4; lastKnownFileType = sourcecode.swift; path = ExerciseFactory.swift; sourceTree = "<group>"; };
		6D6FC8351DD9D65100811E98 /* RainDropFactory.swift */ = {isa = PBXFileReference; fileEncoding = 4; lastKnownFileType = sourcecode.swift; path = RainDropFactory.swift; sourceTree = "<group>"; };
		6D6FC8371DD9D6E600811E98 /* RainDropVCFactory.swift */ = {isa = PBXFileReference; fileEncoding = 4; lastKnownFileType = sourcecode.swift; path = RainDropVCFactory.swift; sourceTree = "<group>"; };
		6D6FC8391DD9F56100811E98 /* RandomFactory.swift */ = {isa = PBXFileReference; fileEncoding = 4; lastKnownFileType = sourcecode.swift; path = RandomFactory.swift; sourceTree = "<group>"; };
		6D7B56061DC25BDA00855ADF /* DivideFactory.swift */ = {isa = PBXFileReference; fileEncoding = 4; lastKnownFileType = sourcecode.swift; path = DivideFactory.swift; sourceTree = "<group>"; };
		6D7B56081DC266D100855ADF /* ExercisesDataModel.swift */ = {isa = PBXFileReference; fileEncoding = 4; lastKnownFileType = sourcecode.swift; path = ExercisesDataModel.swift; sourceTree = "<group>"; };
		6D7B560A1DCA3B2100855ADF /* ExerciseType.swift */ = {isa = PBXFileReference; fileEncoding = 4; lastKnownFileType = sourcecode.swift; path = ExerciseType.swift; sourceTree = "<group>"; };
		6D8F54B21DF861E700BFC8C0 /* Main.storyboard */ = {isa = PBXFileReference; fileEncoding = 4; lastKnownFileType = file.storyboard; path = Main.storyboard; sourceTree = "<group>"; };
		6D8F54E71DFF033600BFC8C0 /* SingleGameData.swift */ = {isa = PBXFileReference; fileEncoding = 4; lastKnownFileType = sourcecode.swift; path = SingleGameData.swift; sourceTree = "<group>"; };
		6DDCF5081D9D6C0800DBAF71 /* MannDrops.app */ = {isa = PBXFileReference; explicitFileType = wrapper.application; includeInIndex = 0; path = MannDrops.app; sourceTree = BUILT_PRODUCTS_DIR; };
		6DDCF50B1D9D6C0800DBAF71 /* AppDelegate.swift */ = {isa = PBXFileReference; lastKnownFileType = sourcecode.swift; path = AppDelegate.swift; sourceTree = "<group>"; };
		6DDCF5121D9D6C0800DBAF71 /* Assets.xcassets */ = {isa = PBXFileReference; lastKnownFileType = folder.assetcatalog; path = Assets.xcassets; sourceTree = "<group>"; };
		6DDCF5151D9D6C0800DBAF71 /* Base */ = {isa = PBXFileReference; lastKnownFileType = file.storyboard; name = Base; path = Base.lproj/LaunchScreen.storyboard; sourceTree = "<group>"; };
		6DDCF5171D9D6C0800DBAF71 /* Info.plist */ = {isa = PBXFileReference; lastKnownFileType = text.plist.xml; path = Info.plist; sourceTree = "<group>"; };
		6DE835021DABE81F0026D658 /* Scores.swift */ = {isa = PBXFileReference; fileEncoding = 4; lastKnownFileType = sourcecode.swift; path = Scores.swift; sourceTree = "<group>"; };
		6DE8350F1DAC0CCD0026D658 /* FirebaseDBManager.swift */ = {isa = PBXFileReference; fileEncoding = 4; lastKnownFileType = sourcecode.swift; path = FirebaseDBManager.swift; sourceTree = "<group>"; };
		6DE835151DAFE5FD0026D658 /* AppManager.swift */ = {isa = PBXFileReference; fileEncoding = 4; lastKnownFileType = sourcecode.swift; path = AppManager.swift; sourceTree = "<group>"; };
		6DE835181DAFE8140026D658 /* LocalDBManager.swift */ = {isa = PBXFileReference; fileEncoding = 4; lastKnownFileType = sourcecode.swift; path = LocalDBManager.swift; sourceTree = "<group>"; };
		6DE8CAD61DD38C2C0042DE8D /* TimersManager.swift */ = {isa = PBXFileReference; fileEncoding = 4; lastKnownFileType = sourcecode.swift; path = TimersManager.swift; sourceTree = "<group>"; };
		6E3FD3F970AEF6033F004696 /* Pods-MannDrops.debug.xcconfig */ = {isa = PBXFileReference; includeInIndex = 1; lastKnownFileType = text.xcconfig; name = "Pods-MannDrops.debug.xcconfig"; path = "Pods/Target Support Files/Pods-MannDrops/Pods-MannDrops.debug.xcconfig"; sourceTree = "<group>"; };
		D06A6B9597BEC6E0089C69DB /* Pods-MannDrops.release.xcconfig */ = {isa = PBXFileReference; includeInIndex = 1; lastKnownFileType = text.xcconfig; name = "Pods-MannDrops.release.xcconfig"; path = "Pods/Target Support Files/Pods-MannDrops/Pods-MannDrops.release.xcconfig"; sourceTree = "<group>"; };
/* End PBXFileReference section */

/* Begin PBXFrameworksBuildPhase section */
		6DDCF5051D9D6C0800DBAF71 /* Frameworks */ = {
			isa = PBXFrameworksBuildPhase;
			buildActionMask = 2147483647;
			files = (
				CE7AE7075BC337720C2FAB3D /* Pods_MannDrops.framework in Frameworks */,
			);
			runOnlyForDeploymentPostprocessing = 0;
		};
/* End PBXFrameworksBuildPhase section */

/* Begin PBXGroup section */
		28B364B9A53DF73DF2773CCE /* AnswersManager */ = {
			isa = PBXGroup;
			children = (
				28B36E35A298620F73992607 /* AnswersManager.swift */,
			);
			name = AnswersManager;
			sourceTree = "<group>";
		};
		28B36702CDA4033885F9902B /* Sound Effects */ = {
			isa = PBXGroup;
			children = (
				28B36AA554749FC888742AD3 /* SoundManager.swift */,
			);
			name = "Sound Effects";
			sourceTree = "<group>";
		};
		2D475167D4A66BD91D0C7891 /* Frameworks */ = {
			isa = PBXGroup;
			children = (
				604BD9BB71838AC0E6EBD914 /* Pods_MannDrops.framework */,
			);
			name = Frameworks;
			sourceTree = "<group>";
		};
		6D02C9C11DDCA27C00AA5CB3 /* Animations */ = {
			isa = PBXGroup;
			children = (
				6D02C9C21DDCA29800AA5CB3 /* AnimationsManager.swift */,
			);
			name = Animations;
			sourceTree = "<group>";
		};
		6D09B81D1DFF27F60050A15B /* Products */ = {
			isa = PBXGroup;
			children = (
				6D09B8311DFF27F60050A15B /* Pods_MannDrops.framework */,
				6D09B8331DFF27F60050A15B /* SwiftEventBus.framework */,
			);
			name = Products;
			sourceTree = "<group>";
		};
		6D2CC89F1DEEDAD300490649 /* Controllers */ = {
			isa = PBXGroup;
			children = (
				6D6FC8371DD9D6E600811E98 /* RainDropVCFactory.swift */,
				069B1AA61DA544D40062D035 /* RainDropViewController.swift */,
				069B1AAA1DA5520A0062D035 /* GameViewController.swift */,
			);
			name = Controllers;
			sourceTree = "<group>";
		};
		6D2CC8AB1DEF12E700490649 /* Controllers */ = {
			isa = PBXGroup;
			children = (
				6D011D2F1DE30E40009BEF3B /* LocalScoresTableViewController.swift */,
				6D2CC8AC1DEF131A00490649 /* WorldScoresViewController.swift */,
			);
			name = Controllers;
			sourceTree = "<group>";
		};
		6D5227C51DA6A15C008BA765 /* Model */ = {
			isa = PBXGroup;
			children = (
				6D011D311DE30F32009BEF3B /* ScoreCellTableViewCell.swift */,
				6DE835141DAFE5EF0026D658 /* Firebase */,
				6DE835171DAFE69F0026D658 /* LocalDB */,
				6D2CC8AE1DEF277600490649 /* Config.swift */,
			);
			name = Model;
			sourceTree = "<group>";
		};
		6D66806F1DEC614C00A148BB /* ExercisesTiming */ = {
			isa = PBXGroup;
			children = (
				6DE8CAD61DD38C2C0042DE8D /* TimersManager.swift */,
			);
			name = ExercisesTiming;
			sourceTree = "<group>";
		};
		6D7B56031DC2482200855ADF /* ExercisesGeneration */ = {
			isa = PBXGroup;
			children = (
				6D5227CB1DABD78C008BA765 /* ExerciseFactory.swift */,
				6D7B56061DC25BDA00855ADF /* DivideFactory.swift */,
				6D7B56081DC266D100855ADF /* ExercisesDataModel.swift */,
				6D7B560A1DCA3B2100855ADF /* ExerciseType.swift */,
				28B364B9A53DF73DF2773CCE /* AnswersManager */,
			);
			name = ExercisesGeneration;
			sourceTree = "<group>";
		};
		6DDCF4FF1D9D6C0700DBAF71 = {
			isa = PBXGroup;
			children = (
				6D011D2D1DDE33BB009BEF3B /* Sounds */,
				6DDCF50A1D9D6C0800DBAF71 /* MannDrops */,
				6DDCF5091D9D6C0800DBAF71 /* Products */,
				2D475167D4A66BD91D0C7891 /* Frameworks */,
				E39265FD49A4F5DC6215D141 /* Pods */,
			);
			sourceTree = "<group>";
		};
		6DDCF5091D9D6C0800DBAF71 /* Products */ = {
			isa = PBXGroup;
			children = (
				6DDCF5081D9D6C0800DBAF71 /* MannDrops.app */,
			);
			name = Products;
			sourceTree = "<group>";
		};
		6DDCF50A1D9D6C0800DBAF71 /* MannDrops */ = {
			isa = PBXGroup;
			children = (
				6D02C9C11DDCA27C00AA5CB3 /* Animations */,
				6DE835151DAFE5FD0026D658 /* AppManager.swift */,
				6DDCF51E1D9D705C00DBAF71 /* Game */,
				6DDCF51D1D9D703F00DBAF71 /* Scores */,
				6DDCF50B1D9D6C0800DBAF71 /* AppDelegate.swift */,
				6D8F54B21DF861E700BFC8C0 /* Main.storyboard */,
				6DDCF5121D9D6C0800DBAF71 /* Assets.xcassets */,
				6DDCF5141D9D6C0800DBAF71 /* LaunchScreen.storyboard */,
				6D5227C91DA6C7C6008BA765 /* GoogleService-Info.plist */,
				6DDCF5171D9D6C0800DBAF71 /* Info.plist */,
			);
			path = MannDrops;
			sourceTree = "<group>";
		};
		6DDCF51D1D9D703F00DBAF71 /* Scores */ = {
			isa = PBXGroup;
			children = (
				6D2CC8AB1DEF12E700490649 /* Controllers */,
				6D5227C51DA6A15C008BA765 /* Model */,
			);
			name = Scores;
			sourceTree = "<group>";
		};
		6DDCF51E1D9D705C00DBAF71 /* Game */ = {
			isa = PBXGroup;
			children = (
				6D2CC89F1DEEDAD300490649 /* Controllers */,
				6D66806F1DEC614C00A148BB /* ExercisesTiming */,
				6D7B56031DC2482200855ADF /* ExercisesGeneration */,
				6DDCF51F1D9D709000DBAF71 /* Model */,
			);
			name = Game;
			sourceTree = "<group>";
		};
		6DDCF51F1D9D709000DBAF71 /* Model */ = {
			isa = PBXGroup;
			children = (
				069B1AA71DA544D50062D035 /* RainDropViewController.xib */,
				28B36EC3C6C32BBEDA3B69BC /* RainDrop.swift */,
				6D6FC8351DD9D65100811E98 /* RainDropFactory.swift */,
				6D6FC8391DD9F56100811E98 /* RandomFactory.swift */,
				6D8F54E71DFF033600BFC8C0 /* SingleGameData.swift */,
				28B36702CDA4033885F9902B /* Sound Effects */,
			);
			name = Model;
			sourceTree = "<group>";
		};
		6DE835141DAFE5EF0026D658 /* Firebase */ = {
			isa = PBXGroup;
			children = (
				6DE8350F1DAC0CCD0026D658 /* FirebaseDBManager.swift */,
			);
			name = Firebase;
			sourceTree = "<group>";
		};
		6DE835171DAFE69F0026D658 /* LocalDB */ = {
			isa = PBXGroup;
			children = (
				6D5227C61DA6A19D008BA765 /* ScoresDBModel.xcdatamodeld */,
				6DE835021DABE81F0026D658 /* Scores.swift */,
				6DE835181DAFE8140026D658 /* LocalDBManager.swift */,
			);
			name = LocalDB;
			sourceTree = "<group>";
		};
		E39265FD49A4F5DC6215D141 /* Pods */ = {
			isa = PBXGroup;
			children = (
				6D09B8111DFF27F60050A15B /* Firebase */,
				6D09B8121DFF27F60050A15B /* FirebaseAnalytics */,
				6D09B8131DFF27F60050A15B /* FirebaseCore */,
				6D09B8141DFF27F60050A15B /* FirebaseDatabase */,
				6D09B8151DFF27F60050A15B /* FirebaseInstanceID */,
				6D09B8161DFF27F60050A15B /* GoogleInterchangeUtilities */,
				6D09B8171DFF27F60050A15B /* GoogleSymbolUtilities */,
				6D09B8181DFF27F60050A15B /* GoogleUtilities */,
				6D09B8191DFF27F60050A15B /* Headers */,
				6D09B81A1DFF27F60050A15B /* Local Podspecs */,
				6D09B81B1DFF27F60050A15B /* Manifest.lock */,
				6D09B81C1DFF27F60050A15B /* Pods.xcodeproj */,
				6D09B81F1DFF27F60050A15B /* SwiftEventBus */,
				6D09B8201DFF27F60050A15B /* Target Support Files */,
				6E3FD3F970AEF6033F004696 /* Pods-MannDrops.debug.xcconfig */,
				D06A6B9597BEC6E0089C69DB /* Pods-MannDrops.release.xcconfig */,
			);
			name = Pods;
			sourceTree = "<group>";
		};
/* End PBXGroup section */

/* Begin PBXNativeTarget section */
		6DDCF5071D9D6C0800DBAF71 /* MannDrops */ = {
			isa = PBXNativeTarget;
			buildConfigurationList = 6DDCF51A1D9D6C0800DBAF71 /* Build configuration list for PBXNativeTarget "MannDrops" */;
			buildPhases = (
				A49A1041E90CE77437E737F3 /* [CP] Check Pods Manifest.lock */,
				6DDCF5041D9D6C0800DBAF71 /* Sources */,
				6DDCF5051D9D6C0800DBAF71 /* Frameworks */,
				6DDCF5061D9D6C0800DBAF71 /* Resources */,
				76E078A7AA523D00805D44E9 /* [CP] Embed Pods Frameworks */,
				B350DBF7F8C8890DF078278B /* [CP] Copy Pods Resources */,
			);
			buildRules = (
			);
			dependencies = (
			);
			name = MannDrops;
			productName = MannDrops;
			productReference = 6DDCF5081D9D6C0800DBAF71 /* MannDrops.app */;
			productType = "com.apple.product-type.application";
		};
/* End PBXNativeTarget section */

/* Begin PBXProject section */
		6DDCF5001D9D6C0700DBAF71 /* Project object */ = {
			isa = PBXProject;
			attributes = {
				LastSwiftUpdateCheck = 0800;
				LastUpgradeCheck = 0800;
				ORGANIZATIONNAME = hackeru;
				TargetAttributes = {
					6DDCF5071D9D6C0800DBAF71 = {
						CreatedOnToolsVersion = 8.0;
						ProvisioningStyle = Automatic;
					};
				};
			};
			buildConfigurationList = 6DDCF5031D9D6C0800DBAF71 /* Build configuration list for PBXProject "MannDrops2" */;
			compatibilityVersion = "Xcode 3.2";
			developmentRegion = English;
			hasScannedForEncodings = 0;
			knownRegions = (
				en,
				Base,
			);
			mainGroup = 6DDCF4FF1D9D6C0700DBAF71;
			productRefGroup = 6DDCF5091D9D6C0800DBAF71 /* Products */;
			projectDirPath = "";
			projectReferences = (
				{
					ProductGroup = 6D09B81D1DFF27F60050A15B /* Products */;
					ProjectRef = 6D09B81C1DFF27F60050A15B /* Pods.xcodeproj */;
				},
			);
			projectRoot = "";
			targets = (
				6DDCF5071D9D6C0800DBAF71 /* MannDrops */,
			);
		};
/* End PBXProject section */

/* Begin PBXReferenceProxy section */
		6D09B8311DFF27F60050A15B /* Pods_MannDrops.framework */ = {
			isa = PBXReferenceProxy;
			fileType = wrapper.framework;
			path = Pods_MannDrops.framework;
			remoteRef = 6D09B8301DFF27F60050A15B /* PBXContainerItemProxy */;
			sourceTree = BUILT_PRODUCTS_DIR;
		};
		6D09B8331DFF27F60050A15B /* SwiftEventBus.framework */ = {
			isa = PBXReferenceProxy;
			fileType = wrapper.framework;
			path = SwiftEventBus.framework;
			remoteRef = 6D09B8321DFF27F60050A15B /* PBXContainerItemProxy */;
			sourceTree = BUILT_PRODUCTS_DIR;
		};
/* End PBXReferenceProxy section */

/* Begin PBXResourcesBuildPhase section */
		6DDCF5061D9D6C0800DBAF71 /* Resources */ = {
			isa = PBXResourcesBuildPhase;
			buildActionMask = 2147483647;
			files = (
				6D09B8241DFF27F60050A15B /* FirebaseDatabase in Resources */,
				6D09B8211DFF27F60050A15B /* Firebase in Resources */,
				6DDCF5161D9D6C0800DBAF71 /* LaunchScreen.storyboard in Resources */,
				6D09B8261DFF27F60050A15B /* GoogleInterchangeUtilities in Resources */,
				6D09B8281DFF27F60050A15B /* GoogleUtilities in Resources */,
				6D09B8221DFF27F60050A15B /* FirebaseAnalytics in Resources */,
				6D09B8291DFF27F60050A15B /* Headers in Resources */,
				6DDCF5131D9D6C0800DBAF71 /* Assets.xcassets in Resources */,
				6D5227CA1DA6C7C6008BA765 /* GoogleService-Info.plist in Resources */,
				6D09B82D1DFF27F60050A15B /* Target Support Files in Resources */,
				069B1AA91DA544D50062D035 /* RainDropViewController.xib in Resources */,
				6D09B82A1DFF27F60050A15B /* Local Podspecs in Resources */,
				6D09B8271DFF27F60050A15B /* GoogleSymbolUtilities in Resources */,
				6D8F54B31DF861E700BFC8C0 /* Main.storyboard in Resources */,
				6D09B82B1DFF27F60050A15B /* Manifest.lock in Resources */,
				6D09B82C1DFF27F60050A15B /* SwiftEventBus in Resources */,
				6D09B8231DFF27F60050A15B /* FirebaseCore in Resources */,
				6D09B8251DFF27F60050A15B /* FirebaseInstanceID in Resources */,
				6D011D2E1DDE33BB009BEF3B /* Sounds in Resources */,
			);
			runOnlyForDeploymentPostprocessing = 0;
		};
/* End PBXResourcesBuildPhase section */

/* Begin PBXShellScriptBuildPhase section */
		76E078A7AA523D00805D44E9 /* [CP] Embed Pods Frameworks */ = {
			isa = PBXShellScriptBuildPhase;
			buildActionMask = 2147483647;
			files = (
			);
			inputPaths = (
			);
			name = "[CP] Embed Pods Frameworks";
			outputPaths = (
			);
			runOnlyForDeploymentPostprocessing = 0;
			shellPath = /bin/sh;
			shellScript = "\"${SRCROOT}/Pods/Target Support Files/Pods-MannDrops/Pods-MannDrops-frameworks.sh\"\n";
			showEnvVarsInLog = 0;
		};
		A49A1041E90CE77437E737F3 /* [CP] Check Pods Manifest.lock */ = {
			isa = PBXShellScriptBuildPhase;
			buildActionMask = 2147483647;
			files = (
			);
			inputPaths = (
			);
			name = "[CP] Check Pods Manifest.lock";
			outputPaths = (
			);
			runOnlyForDeploymentPostprocessing = 0;
			shellPath = /bin/sh;
			shellScript = "diff \"${PODS_ROOT}/../Podfile.lock\" \"${PODS_ROOT}/Manifest.lock\" > /dev/null\nif [ $? != 0 ] ; then\n    # print error to STDERR\n    echo \"error: The sandbox is not in sync with the Podfile.lock. Run 'pod install' or update your CocoaPods installation.\" >&2\n    exit 1\nfi\n";
			showEnvVarsInLog = 0;
		};
		B350DBF7F8C8890DF078278B /* [CP] Copy Pods Resources */ = {
			isa = PBXShellScriptBuildPhase;
			buildActionMask = 2147483647;
			files = (
			);
			inputPaths = (
			);
			name = "[CP] Copy Pods Resources";
			outputPaths = (
			);
			runOnlyForDeploymentPostprocessing = 0;
			shellPath = /bin/sh;
			shellScript = "\"${SRCROOT}/Pods/Target Support Files/Pods-MannDrops/Pods-MannDrops-resources.sh\"\n";
			showEnvVarsInLog = 0;
		};
/* End PBXShellScriptBuildPhase section */

/* Begin PBXSourcesBuildPhase section */
		6DDCF5041D9D6C0800DBAF71 /* Sources */ = {
			isa = PBXSourcesBuildPhase;
			buildActionMask = 2147483647;
			files = (
				069B1AAB1DA5520A0062D035 /* GameViewController.swift in Sources */,
				6DE835031DABE81F0026D658 /* Scores.swift in Sources */,
				6DDCF50C1D9D6C0800DBAF71 /* AppDelegate.swift in Sources */,
				6DE8CAD71DD38C2D0042DE8D /* TimersManager.swift in Sources */,
				6DE835161DAFE5FD0026D658 /* AppManager.swift in Sources */,
				6D011D321DE30F32009BEF3B /* ScoreCellTableViewCell.swift in Sources */,
				6D7B56071DC25BDA00855ADF /* DivideFactory.swift in Sources */,
				6D6FC8381DD9D6E600811E98 /* RainDropVCFactory.swift in Sources */,
				6D011D301DE30E40009BEF3B /* LocalScoresTableViewController.swift in Sources */,
				6D5227CC1DABD78C008BA765 /* ExerciseFactory.swift in Sources */,
				6D7B560B1DCA3B2100855ADF /* ExerciseType.swift in Sources */,
				6D5227C81DA6A19D008BA765 /* ScoresDBModel.xcdatamodeld in Sources */,
				6D6FC8361DD9D65100811E98 /* RainDropFactory.swift in Sources */,
				6D2CC8AF1DEF277600490649 /* Config.swift in Sources */,
				28B3625AF0577CD058955606 /* RainDrop.swift in Sources */,
				6DE835191DAFE8140026D658 /* LocalDBManager.swift in Sources */,
				6D2CC8AD1DEF131A00490649 /* WorldScoresViewController.swift in Sources */,
				069B1AA81DA544D50062D035 /* RainDropViewController.swift in Sources */,
				6D7B56091DC266D100855ADF /* ExercisesDataModel.swift in Sources */,
				6D02C9C31DDCA29800AA5CB3 /* AnimationsManager.swift in Sources */,
				6DE835111DAC0CCD0026D658 /* FirebaseDBManager.swift in Sources */,
				6D6FC83A1DD9F56100811E98 /* RandomFactory.swift in Sources */,
				6D8F54E81DFF033600BFC8C0 /* SingleGameData.swift in Sources */,
				28B36C0E9B4DC8960D099406 /* SoundManager.swift in Sources */,
				28B36C18A794C18B666589BF /* AnswersManager.swift in Sources */,
			);
			runOnlyForDeploymentPostprocessing = 0;
		};
/* End PBXSourcesBuildPhase section */

/* Begin PBXVariantGroup section */
		6DDCF5141D9D6C0800DBAF71 /* LaunchScreen.storyboard */ = {
			isa = PBXVariantGroup;
			children = (
				6DDCF5151D9D6C0800DBAF71 /* Base */,
			);
			name = LaunchScreen.storyboard;
			sourceTree = "<group>";
		};
/* End PBXVariantGroup section */

/* Begin XCBuildConfiguration section */
		6DDCF5181D9D6C0800DBAF71 /* Debug */ = {
			isa = XCBuildConfiguration;
			buildSettings = {
				ALWAYS_SEARCH_USER_PATHS = NO;
				CLANG_ANALYZER_NONNULL = YES;
				CLANG_CXX_LANGUAGE_STANDARD = "gnu++0x";
				CLANG_CXX_LIBRARY = "libc++";
				CLANG_ENABLE_MODULES = YES;
				CLANG_ENABLE_OBJC_ARC = YES;
				CLANG_WARN_BOOL_CONVERSION = YES;
				CLANG_WARN_CONSTANT_CONVERSION = YES;
				CLANG_WARN_DIRECT_OBJC_ISA_USAGE = YES_ERROR;
				CLANG_WARN_DOCUMENTATION_COMMENTS = YES;
				CLANG_WARN_EMPTY_BODY = YES;
				CLANG_WARN_ENUM_CONVERSION = YES;
				CLANG_WARN_INFINITE_RECURSION = YES;
				CLANG_WARN_INT_CONVERSION = YES;
				CLANG_WARN_OBJC_ROOT_CLASS = YES_ERROR;
				CLANG_WARN_SUSPICIOUS_MOVE = YES;
				CLANG_WARN_SUSPICIOUS_MOVES = YES;
				CLANG_WARN_UNREACHABLE_CODE = YES;
				CLANG_WARN__DUPLICATE_METHOD_MATCH = YES;
				"CODE_SIGN_IDENTITY[sdk=iphoneos*]" = "iPhone Developer";
				COPY_PHASE_STRIP = NO;
				DEBUG_INFORMATION_FORMAT = dwarf;
				ENABLE_STRICT_OBJC_MSGSEND = YES;
				ENABLE_TESTABILITY = YES;
				GCC_C_LANGUAGE_STANDARD = gnu99;
				GCC_DYNAMIC_NO_PIC = NO;
				GCC_NO_COMMON_BLOCKS = YES;
				GCC_OPTIMIZATION_LEVEL = 0;
				GCC_PREPROCESSOR_DEFINITIONS = (
					"DEBUG=1",
					"$(inherited)",
				);
				GCC_WARN_64_TO_32_BIT_CONVERSION = YES;
				GCC_WARN_ABOUT_RETURN_TYPE = YES_ERROR;
				GCC_WARN_UNDECLARED_SELECTOR = YES;
				GCC_WARN_UNINITIALIZED_AUTOS = YES_AGGRESSIVE;
				GCC_WARN_UNUSED_FUNCTION = YES;
				GCC_WARN_UNUSED_VARIABLE = YES;
				IPHONEOS_DEPLOYMENT_TARGET = 10.0;
				MTL_ENABLE_DEBUG_INFO = YES;
				ONLY_ACTIVE_ARCH = YES;
				SDKROOT = iphoneos;
				SWIFT_ACTIVE_COMPILATION_CONDITIONS = DEBUG;
				SWIFT_OPTIMIZATION_LEVEL = "-Onone";
			};
			name = Debug;
		};
		6DDCF5191D9D6C0800DBAF71 /* Release */ = {
			isa = XCBuildConfiguration;
			buildSettings = {
				ALWAYS_SEARCH_USER_PATHS = NO;
				CLANG_ANALYZER_NONNULL = YES;
				CLANG_CXX_LANGUAGE_STANDARD = "gnu++0x";
				CLANG_CXX_LIBRARY = "libc++";
				CLANG_ENABLE_MODULES = YES;
				CLANG_ENABLE_OBJC_ARC = YES;
				CLANG_WARN_BOOL_CONVERSION = YES;
				CLANG_WARN_CONSTANT_CONVERSION = YES;
				CLANG_WARN_DIRECT_OBJC_ISA_USAGE = YES_ERROR;
				CLANG_WARN_DOCUMENTATION_COMMENTS = YES;
				CLANG_WARN_EMPTY_BODY = YES;
				CLANG_WARN_ENUM_CONVERSION = YES;
				CLANG_WARN_INFINITE_RECURSION = YES;
				CLANG_WARN_INT_CONVERSION = YES;
				CLANG_WARN_OBJC_ROOT_CLASS = YES_ERROR;
				CLANG_WARN_SUSPICIOUS_MOVE = YES;
				CLANG_WARN_SUSPICIOUS_MOVES = YES;
				CLANG_WARN_UNREACHABLE_CODE = YES;
				CLANG_WARN__DUPLICATE_METHOD_MATCH = YES;
				"CODE_SIGN_IDENTITY[sdk=iphoneos*]" = "iPhone Developer";
				COPY_PHASE_STRIP = NO;
				DEBUG_INFORMATION_FORMAT = "dwarf-with-dsym";
				ENABLE_NS_ASSERTIONS = NO;
				ENABLE_STRICT_OBJC_MSGSEND = YES;
				GCC_C_LANGUAGE_STANDARD = gnu99;
				GCC_NO_COMMON_BLOCKS = YES;
				GCC_WARN_64_TO_32_BIT_CONVERSION = YES;
				GCC_WARN_ABOUT_RETURN_TYPE = YES_ERROR;
				GCC_WARN_UNDECLARED_SELECTOR = YES;
				GCC_WARN_UNINITIALIZED_AUTOS = YES_AGGRESSIVE;
				GCC_WARN_UNUSED_FUNCTION = YES;
				GCC_WARN_UNUSED_VARIABLE = YES;
				IPHONEOS_DEPLOYMENT_TARGET = 10.0;
				MTL_ENABLE_DEBUG_INFO = NO;
				SDKROOT = iphoneos;
				SWIFT_OPTIMIZATION_LEVEL = "-Owholemodule";
				VALIDATE_PRODUCT = YES;
			};
			name = Release;
		};
		6DDCF51B1D9D6C0800DBAF71 /* Debug */ = {
			isa = XCBuildConfiguration;
			baseConfigurationReference = 6E3FD3F970AEF6033F004696 /* Pods-MannDrops.debug.xcconfig */;
			buildSettings = {
				ASSETCATALOG_COMPILER_APPICON_NAME = AppIcon;
				INFOPLIST_FILE = MannDrops/Info.plist;
				LD_RUNPATH_SEARCH_PATHS = "$(inherited) @executable_path/Frameworks";
				PRODUCT_BUNDLE_IDENTIFIER = hackeru.MannDrops;
				PRODUCT_NAME = "$(TARGET_NAME)";
				SWIFT_VERSION = 3.0;
			};
			name = Debug;
		};
		6DDCF51C1D9D6C0800DBAF71 /* Release */ = {
			isa = XCBuildConfiguration;
			baseConfigurationReference = D06A6B9597BEC6E0089C69DB /* Pods-MannDrops.release.xcconfig */;
			buildSettings = {
				ASSETCATALOG_COMPILER_APPICON_NAME = AppIcon;
				INFOPLIST_FILE = MannDrops/Info.plist;
				LD_RUNPATH_SEARCH_PATHS = "$(inherited) @executable_path/Frameworks";
				PRODUCT_BUNDLE_IDENTIFIER = hackeru.MannDrops;
				PRODUCT_NAME = "$(TARGET_NAME)";
				SWIFT_VERSION = 3.0;
			};
			name = Release;
		};
/* End XCBuildConfiguration section */

/* Begin XCConfigurationList section */
		6DDCF5031D9D6C0800DBAF71 /* Build configuration list for PBXProject "MannDrops2" */ = {
			isa = XCConfigurationList;
			buildConfigurations = (
				6DDCF5181D9D6C0800DBAF71 /* Debug */,
				6DDCF5191D9D6C0800DBAF71 /* Release */,
			);
			defaultConfigurationIsVisible = 0;
			defaultConfigurationName = Release;
		};
		6DDCF51A1D9D6C0800DBAF71 /* Build configuration list for PBXNativeTarget "MannDrops" */ = {
			isa = XCConfigurationList;
			buildConfigurations = (
				6DDCF51B1D9D6C0800DBAF71 /* Debug */,
				6DDCF51C1D9D6C0800DBAF71 /* Release */,
			);
			defaultConfigurationIsVisible = 0;
			defaultConfigurationName = Release;
		};
/* End XCConfigurationList section */

/* Begin XCVersionGroup section */
		6D5227C61DA6A19D008BA765 /* ScoresDBModel.xcdatamodeld */ = {
			isa = XCVersionGroup;
			children = (
				6D5227C71DA6A19D008BA765 /* ScoresDBModel.xcdatamodel */,
			);
			currentVersion = 6D5227C71DA6A19D008BA765 /* ScoresDBModel.xcdatamodel */;
			path = ScoresDBModel.xcdatamodeld;
			sourceTree = "<group>";
			versionGroupType = wrapper.xcdatamodel;
		};
/* End XCVersionGroup section */
	};
	rootObject = 6DDCF5001D9D6C0700DBAF71 /* Project object */;
}
